// !$*UTF8*$!
{
	archiveVersion = 1;
	classes = {
	};
	objectVersion = 50;
	objects = {

/* Begin PBXBuildFile section */
		7CA7A8342436CD6D009C9B14 /* VCLLoggingViewController.swift in Sources */ = {isa = PBXBuildFile; fileRef = 7CA7A8332436CD6D009C9B14 /* VCLLoggingViewController.swift */; };
		7CBED2F6242C465F00CD9996 /* ConcentrationThemeChooserViewController.swift in Sources */ = {isa = PBXBuildFile; fileRef = 7CBED2F5242C465F00CD9996 /* ConcentrationThemeChooserViewController.swift */; };
		7CE1237224049D0B00443F45 /* AppDelegate.swift in Sources */ = {isa = PBXBuildFile; fileRef = 7CE1237124049D0B00443F45 /* AppDelegate.swift */; };
		7CE1237424049D0B00443F45 /* SceneDelegate.swift in Sources */ = {isa = PBXBuildFile; fileRef = 7CE1237324049D0B00443F45 /* SceneDelegate.swift */; };
		7CE1237624049D0B00443F45 /* ConcentrationViewController.swift in Sources */ = {isa = PBXBuildFile; fileRef = 7CE1237524049D0B00443F45 /* ConcentrationViewController.swift */; };
		7CE1237924049D0B00443F45 /* Main.storyboard in Resources */ = {isa = PBXBuildFile; fileRef = 7CE1237724049D0B00443F45 /* Main.storyboard */; };
		7CE1237B24049D0E00443F45 /* Assets.xcassets in Resources */ = {isa = PBXBuildFile; fileRef = 7CE1237A24049D0E00443F45 /* Assets.xcassets */; };
		7CE1237E24049D0E00443F45 /* LaunchScreen.storyboard in Resources */ = {isa = PBXBuildFile; fileRef = 7CE1237C24049D0E00443F45 /* LaunchScreen.storyboard */; };
		7CE4081824061CBE0087952F /* Concentration.swift in Sources */ = {isa = PBXBuildFile; fileRef = 7CE4081724061CBE0087952F /* Concentration.swift */; };
		7CE4081A24061E610087952F /* Card.swift in Sources */ = {isa = PBXBuildFile; fileRef = 7CE4081924061E610087952F /* Card.swift */; };
/* End PBXBuildFile section */

/* Begin PBXFileReference section */
		7CA7A8332436CD6D009C9B14 /* VCLLoggingViewController.swift */ = {isa = PBXFileReference; lastKnownFileType = sourcecode.swift; path = VCLLoggingViewController.swift; sourceTree = "<group>"; };
		7CBED2F5242C465F00CD9996 /* ConcentrationThemeChooserViewController.swift */ = {isa = PBXFileReference; lastKnownFileType = sourcecode.swift; path = ConcentrationThemeChooserViewController.swift; sourceTree = "<group>"; };
		7CE1236E24049D0B00443F45 /* Concentration.app */ = {isa = PBXFileReference; explicitFileType = wrapper.application; includeInIndex = 0; path = Concentration.app; sourceTree = BUILT_PRODUCTS_DIR; };
		7CE1237124049D0B00443F45 /* AppDelegate.swift */ = {isa = PBXFileReference; lastKnownFileType = sourcecode.swift; path = AppDelegate.swift; sourceTree = "<group>"; };
		7CE1237324049D0B00443F45 /* SceneDelegate.swift */ = {isa = PBXFileReference; lastKnownFileType = sourcecode.swift; path = SceneDelegate.swift; sourceTree = "<group>"; };
		7CE1237524049D0B00443F45 /* ConcentrationViewController.swift */ = {isa = PBXFileReference; lastKnownFileType = sourcecode.swift; path = ConcentrationViewController.swift; sourceTree = "<group>"; };
		7CE1237824049D0B00443F45 /* Base */ = {isa = PBXFileReference; lastKnownFileType = file.storyboard; name = Base; path = Base.lproj/Main.storyboard; sourceTree = "<group>"; };
		7CE1237A24049D0E00443F45 /* Assets.xcassets */ = {isa = PBXFileReference; lastKnownFileType = folder.assetcatalog; path = Assets.xcassets; sourceTree = "<group>"; };
		7CE1237D24049D0E00443F45 /* Base */ = {isa = PBXFileReference; lastKnownFileType = file.storyboard; name = Base; path = Base.lproj/LaunchScreen.storyboard; sourceTree = "<group>"; };
		7CE1237F24049D0E00443F45 /* Info.plist */ = {isa = PBXFileReference; lastKnownFileType = text.plist.xml; path = Info.plist; sourceTree = "<group>"; };
		7CE4081724061CBE0087952F /* Concentration.swift */ = {isa = PBXFileReference; lastKnownFileType = sourcecode.swift; path = Concentration.swift; sourceTree = SOURCE_ROOT; };
		7CE4081924061E610087952F /* Card.swift */ = {isa = PBXFileReference; lastKnownFileType = sourcecode.swift; path = Card.swift; sourceTree = "<group>"; };
/* End PBXFileReference section */

/* Begin PBXFrameworksBuildPhase section */
		7CE1236B24049D0B00443F45 /* Frameworks */ = {
			isa = PBXFrameworksBuildPhase;
			buildActionMask = 2147483647;
			files = (
			);
			runOnlyForDeploymentPostprocessing = 0;
		};
/* End PBXFrameworksBuildPhase section */

/* Begin PBXGroup section */
		7CE1236524049D0B00443F45 = {
			isa = PBXGroup;
			children = (
				7CE1237024049D0B00443F45 /* Concentration */,
				7CE1236F24049D0B00443F45 /* Products */,
			);
			sourceTree = "<group>";
		};
		7CE1236F24049D0B00443F45 /* Products */ = {
			isa = PBXGroup;
			children = (
				7CE1236E24049D0B00443F45 /* Concentration.app */,
			);
			name = Products;
			sourceTree = "<group>";
		};
		7CE1237024049D0B00443F45 /* Concentration */ = {
			isa = PBXGroup;
			children = (
				7CA7A8332436CD6D009C9B14 /* VCLLoggingViewController.swift */,
				7CE4081724061CBE0087952F /* Concentration.swift */,
				7CE1237524049D0B00443F45 /* ConcentrationViewController.swift */,
				7CBED2F5242C465F00CD9996 /* ConcentrationThemeChooserViewController.swift */,
				7CE4081924061E610087952F /* Card.swift */,
				7CE1237124049D0B00443F45 /* AppDelegate.swift */,
				7CE1237324049D0B00443F45 /* SceneDelegate.swift */,
				7CE1237A24049D0E00443F45 /* Assets.xcassets */,
				7CE1237C24049D0E00443F45 /* LaunchScreen.storyboard */,
				7CE1237724049D0B00443F45 /* Main.storyboard */,
				7CE1237F24049D0E00443F45 /* Info.plist */,
			);
			path = Concentration;
			sourceTree = "<group>";
		};
/* End PBXGroup section */

/* Begin PBXNativeTarget section */
		7CE1236D24049D0B00443F45 /* Concentration */ = {
			isa = PBXNativeTarget;
			buildConfigurationList = 7CE1238224049D0E00443F45 /* Build configuration list for PBXNativeTarget "Concentration" */;
			buildPhases = (
				7CE1236A24049D0B00443F45 /* Sources */,
				7CE1236B24049D0B00443F45 /* Frameworks */,
				7CE1236C24049D0B00443F45 /* Resources */,
			);
			buildRules = (
			);
			dependencies = (
			);
			name = Concentration;
			productName = Concentration;
			productReference = 7CE1236E24049D0B00443F45 /* Concentration.app */;
			productType = "com.apple.product-type.application";
		};
/* End PBXNativeTarget section */

/* Begin PBXProject section */
		7CE1236624049D0B00443F45 /* Project object */ = {
			isa = PBXProject;
			attributes = {
				LastSwiftUpdateCheck = 1130;
				LastUpgradeCheck = 1130;
				ORGANIZATIONNAME = jeffomidvaran;
				TargetAttributes = {
					7CE1236D24049D0B00443F45 = {
						CreatedOnToolsVersion = 11.3;
					};
				};
			};
			buildConfigurationList = 7CE1236924049D0B00443F45 /* Build configuration list for PBXProject "Concentration" */;
			compatibilityVersion = "Xcode 9.3";
			developmentRegion = en;
			hasScannedForEncodings = 0;
			knownRegions = (
				en,
				Base,
			);
			mainGroup = 7CE1236524049D0B00443F45;
			productRefGroup = 7CE1236F24049D0B00443F45 /* Products */;
			projectDirPath = "";
			projectRoot = "";
			targets = (
				7CE1236D24049D0B00443F45 /* Concentration */,
			);
		};
/* End PBXProject section */

/* Begin PBXResourcesBuildPhase section */
		7CE1236C24049D0B00443F45 /* Resources */ = {
			isa = PBXResourcesBuildPhase;
			buildActionMask = 2147483647;
			files = (
				7CE1237E24049D0E00443F45 /* LaunchScreen.storyboard in Resources */,
				7CE1237B24049D0E00443F45 /* Assets.xcassets in Resources */,
				7CE1237924049D0B00443F45 /* Main.storyboard in Resources */,
			);
			runOnlyForDeploymentPostprocessing = 0;
		};
/* End PBXResourcesBuildPhase section */

/* Begin PBXSourcesBuildPhase section */
		7CE1236A24049D0B00443F45 /* Sources */ = {
			isa = PBXSourcesBuildPhase;
			buildActionMask = 2147483647;
			files = (
				7CA7A8342436CD6D009C9B14 /* VCLLoggingViewController.swift in Sources */,
				7CE1237624049D0B00443F45 /* ConcentrationViewController.swift in Sources */,
				7CE4081824061CBE0087952F /* Concentration.swift in Sources */,
				7CE4081A24061E610087952F /* Card.swift in Sources */,
				7CE1237224049D0B00443F45 /* AppDelegate.swift in Sources */,
				7CBED2F6242C465F00CD9996 /* ConcentrationThemeChooserViewController.swift in Sources */,
				7CE1237424049D0B00443F45 /* SceneDelegate.swift in Sources */,
			);
			runOnlyForDeploymentPostprocessing = 0;
		};
/* End PBXSourcesBuildPhase section */

/* Begin PBXVariantGroup section */
		7CE1237724049D0B00443F45 /* Main.storyboard */ = {
			isa = PBXVariantGroup;
			children = (
				7CE1237824049D0B00443F45 /* Base */,
			);
			name = Main.storyboard;
			sourceTree = "<group>";
		};
		7CE1237C24049D0E00443F45 /* LaunchScreen.storyboard */ = {
			isa = PBXVariantGroup;
			children = (
				7CE1237D24049D0E00443F45 /* Base */,
			);
			name = LaunchScreen.storyboard;
			sourceTree = "<group>";
		};
/* End PBXVariantGroup section */

/* Begin XCBuildConfiguration section */
		7CE1238024049D0E00443F45 /* Debug */ = {
			isa = XCBuildConfiguration;
			buildSettings = {
				ALWAYS_SEARCH_USER_PATHS = NO;
				CLANG_ANALYZER_NONNULL = YES;
				CLANG_ANALYZER_NUMBER_OBJECT_CONVERSION = YES_AGGRESSIVE;
				CLANG_CXX_LANGUAGE_STANDARD = "gnu++14";
				CLANG_CXX_LIBRARY = "libc++";
				CLANG_ENABLE_MODULES = YES;
				CLANG_ENABLE_OBJC_ARC = YES;
				CLANG_ENABLE_OBJC_WEAK = YES;
				CLANG_WARN_BLOCK_CAPTURE_AUTORELEASING = YES;
				CLANG_WARN_BOOL_CONVERSION = YES;
				CLANG_WARN_COMMA = YES;
				CLANG_WARN_CONSTANT_CONVERSION = YES;
				CLANG_WARN_DEPRECATED_OBJC_IMPLEMENTATIONS = YES;
				CLANG_WARN_DIRECT_OBJC_ISA_USAGE = YES_ERROR;
				CLANG_WARN_DOCUMENTATION_COMMENTS = YES;
				CLANG_WARN_EMPTY_BODY = YES;
				CLANG_WARN_ENUM_CONVERSION = YES;
				CLANG_WARN_INFINITE_RECURSION = YES;
				CLANG_WARN_INT_CONVERSION = YES;
				CLANG_WARN_NON_LITERAL_NULL_CONVERSION = YES;
				CLANG_WARN_OBJC_IMPLICIT_RETAIN_SELF = YES;
				CLANG_WARN_OBJC_LITERAL_CONVERSION = YES;
				CLANG_WARN_OBJC_ROOT_CLASS = YES_ERROR;
				CLANG_WARN_RANGE_LOOP_ANALYSIS = YES;
				CLANG_WARN_STRICT_PROTOTYPES = YES;
				CLANG_WARN_SUSPICIOUS_MOVE = YES;
				CLANG_WARN_UNGUARDED_AVAILABILITY = YES_AGGRESSIVE;
				CLANG_WARN_UNREACHABLE_CODE = YES;
				CLANG_WARN__DUPLICATE_METHOD_MATCH = YES;
				COPY_PHASE_STRIP = NO;
				DEBUG_INFORMATION_FORMAT = dwarf;
				ENABLE_STRICT_OBJC_MSGSEND = YES;
				ENABLE_TESTABILITY = YES;
				GCC_C_LANGUAGE_STANDARD = gnu11;
				GCC_DYNAMIC_NO_PIC = NO;
				GCC_NO_COMMON_BLOCKS = YES;
				GCC_OPTIMIZATION_LEVEL = 0;
				GCC_PREPROCESSOR_DEFINITIONS = (
					"DEBUG=1",
					"$(inherited)",
				);
				GCC_WARN_64_TO_32_BIT_CONVERSION = YES;
				GCC_WARN_ABOUT_RETURN_TYPE = YES_ERROR;
				GCC_WARN_UNDECLARED_SELECTOR = YES;
				GCC_WARN_UNINITIALIZED_AUTOS = YES_AGGRESSIVE;
				GCC_WARN_UNUSED_FUNCTION = YES;
				GCC_WARN_UNUSED_VARIABLE = YES;
				IPHONEOS_DEPLOYMENT_TARGET = 13.2;
				MTL_ENABLE_DEBUG_INFO = INCLUDE_SOURCE;
				MTL_FAST_MATH = YES;
				ONLY_ACTIVE_ARCH = YES;
				SDKROOT = iphoneos;
				SWIFT_ACTIVE_COMPILATION_CONDITIONS = DEBUG;
				SWIFT_OPTIMIZATION_LEVEL = "-Onone";
			};
			name = Debug;
		};
		7CE1238124049D0E00443F45 /* Release */ = {
			isa = XCBuildConfiguration;
			buildSettings = {
				ALWAYS_SEARCH_USER_PATHS = NO;
				CLANG_ANALYZER_NONNULL = YES;
				CLANG_ANALYZER_NUMBER_OBJECT_CONVERSION = YES_AGGRESSIVE;
				CLANG_CXX_LANGUAGE_STANDARD = "gnu++14";
				CLANG_CXX_LIBRARY = "libc++";
				CLANG_ENABLE_MODULES = YES;
				CLANG_ENABLE_OBJC_ARC = YES;
				CLANG_ENABLE_OBJC_WEAK = YES;
				CLANG_WARN_BLOCK_CAPTURE_AUTORELEASING = YES;
				CLANG_WARN_BOOL_CONVERSION = YES;
				CLANG_WARN_COMMA = YES;
				CLANG_WARN_CONSTANT_CONVERSION = YES;
				CLANG_WARN_DEPRECATED_OBJC_IMPLEMENTATIONS = YES;
				CLANG_WARN_DIRECT_OBJC_ISA_USAGE = YES_ERROR;
				CLANG_WARN_DOCUMENTATION_COMMENTS = YES;
				CLANG_WARN_EMPTY_BODY = YES;
				CLANG_WARN_ENUM_CONVERSION = YES;
				CLANG_WARN_INFINITE_RECURSION = YES;
				CLANG_WARN_INT_CONVERSION = YES;
				CLANG_WARN_NON_LITERAL_NULL_CONVERSION = YES;
				CLANG_WARN_OBJC_IMPLICIT_RETAIN_SELF = YES;
				CLANG_WARN_OBJC_LITERAL_CONVERSION = YES;
				CLANG_WARN_OBJC_ROOT_CLASS = YES_ERROR;
				CLANG_WARN_RANGE_LOOP_ANALYSIS = YES;
				CLANG_WARN_STRICT_PROTOTYPES = YES;
				CLANG_WARN_SUSPICIOUS_MOVE = YES;
				CLANG_WARN_UNGUARDED_AVAILABILITY = YES_AGGRESSIVE;
				CLANG_WARN_UNREACHABLE_CODE = YES;
				CLANG_WARN__DUPLICATE_METHOD_MATCH = YES;
				COPY_PHASE_STRIP = NO;
				DEBUG_INFORMATION_FORMAT = "dwarf-with-dsym";
				ENABLE_NS_ASSERTIONS = NO;
				ENABLE_STRICT_OBJC_MSGSEND = YES;
				GCC_C_LANGUAGE_STANDARD = gnu11;
				GCC_NO_COMMON_BLOCKS = YES;
				GCC_WARN_64_TO_32_BIT_CONVERSION = YES;
				GCC_WARN_ABOUT_RETURN_TYPE = YES_ERROR;
				GCC_WARN_UNDECLARED_SELECTOR = YES;
				GCC_WARN_UNINITIALIZED_AUTOS = YES_AGGRESSIVE;
				GCC_WARN_UNUSED_FUNCTION = YES;
				GCC_WARN_UNUSED_VARIABLE = YES;
				IPHONEOS_DEPLOYMENT_TARGET = 13.2;
				MTL_ENABLE_DEBUG_INFO = NO;
				MTL_FAST_MATH = YES;
				SDKROOT = iphoneos;
				SWIFT_COMPILATION_MODE = wholemodule;
				SWIFT_OPTIMIZATION_LEVEL = "-O";
				VALIDATE_PRODUCT = YES;
			};
			name = Release;
		};
		7CE1238324049D0E00443F45 /* Debug */ = {
			isa = XCBuildConfiguration;
			buildSettings = {
				ASSETCATALOG_COMPILER_APPICON_NAME = AppIcon;
				CODE_SIGN_STYLE = Automatic;
				DEVELOPMENT_TEAM = 8PTR25572E;
				INFOPLIST_FILE = Concentration/Info.plist;
				LD_RUNPATH_SEARCH_PATHS = (
					"$(inherited)",
					"@executable_path/Frameworks",
				);
				PRODUCT_BUNDLE_IDENTIFIER = "jomid-productions.Concentration";
				PRODUCT_NAME = "$(TARGET_NAME)";
				SWIFT_VERSION = 5.0;
				TARGETED_DEVICE_FAMILY = "1,2";
			};
			name = Debug;
		};
		7CE1238424049D0E00443F45 /* Release */ = {
			isa = XCBuildConfiguration;
			buildSettings = {
				ASSETCATALOG_COMPILER_APPICON_NAME = AppIcon;
				CODE_SIGN_STYLE = Automatic;
				DEVELOPMENT_TEAM = 8PTR25572E;
				INFOPLIST_FILE = Concentration/Info.plist;
				LD_RUNPATH_SEARCH_PATHS = (
					"$(inherited)",
					"@executable_path/Frameworks",
				);
				PRODUCT_BUNDLE_IDENTIFIER = "jomid-productions.Concentration";
				PRODUCT_NAME = "$(TARGET_NAME)";
				SWIFT_VERSION = 5.0;
				TARGETED_DEVICE_FAMILY = "1,2";
			};
			name = Release;
		};
/* End XCBuildConfiguration section */

/* Begin XCConfigurationList section */
		7CE1236924049D0B00443F45 /* Build configuration list for PBXProject "Concentration" */ = {
			isa = XCConfigurationList;
			buildConfigurations = (
				7CE1238024049D0E00443F45 /* Debug */,
				7CE1238124049D0E00443F45 /* Release */,
			);
			defaultConfigurationIsVisible = 0;
			defaultConfigurationName = Release;
		};
		7CE1238224049D0E00443F45 /* Build configuration list for PBXNativeTarget "Concentration" */ = {
			isa = XCConfigurationList;
			buildConfigurations = (
				7CE1238324049D0E00443F45 /* Debug */,
				7CE1238424049D0E00443F45 /* Release */,
			);
			defaultConfigurationIsVisible = 0;
			defaultConfigurationName = Release;
		};
/* End XCConfigurationList section */
	};
	rootObject = 7CE1236624049D0B00443F45 /* Project object */;
}
